
Microsoft Visual Studio Solution File, Format Version 12.00
# Visual Studio Version 16
VisualStudioVersion = 16.0.30804.86
MinimumVisualStudioVersion = 10.0.40219.1
Project("{FAE04EC0-301F-11D3-BF4B-00C04F79EFBC}") = "TestApplication", "TestApplication\TestApplication.csproj", "{620B50BB-A854-4711-B3A7-2C387A60AF92}"
EndProject
Global
	GlobalSection(SolutionConfigurationPlatforms) = preSolution
		Debug|Any CPU = Debug|Any CPU
		Release|Any CPU = Release|Any CPU
	EndGlobalSection
	GlobalSection(ProjectConfigurationPlatforms) = postSolution
		{620B50BB-A854-4711-B3A7-2C387A60AF92}.Debug|Any CPU.ActiveCfg = Debug|Any CPU
		{620B50BB-A854-4711-B3A7-2C387A60AF92}.Debug|Any CPU.Build.0 = Debug|Any CPU
		{620B50BB-A854-4711-B3A7-2C387A60AF92}.Release|Any CPU.ActiveCfg = Release|Any CPU
		{620B50BB-A854-4711-B3A7-2C387A60AF92}.Release|Any CPU.Build.0 = Release|Any CPU
	EndGlobalSection
	GlobalSection(SolutionProperties) = preSolution
		HideSolutionNode = FALSE
	EndGlobalSection
	GlobalSection(ExtensibilityGlobals) = postSolution
		SolutionGuid = {8FF93246-43D9-4C3A-8D54-0745C126344B}
	EndGlobalSection
EndGlobal
